// !$*UTF8*$!
{
	archiveVersion = 1;
	classes = {
	};
	objectVersion = 48;
	objects = {

/* Begin PBXBuildFile section */
		90880FD61FB7187F00275D99 /* AppDelegate.swift in Sources */ = {isa = PBXBuildFile; fileRef = 90880FD51FB7187F00275D99 /* AppDelegate.swift */; };
		90880FD81FB7187F00275D99 /* StartScreenViewController.swift in Sources */ = {isa = PBXBuildFile; fileRef = 90880FD71FB7187F00275D99 /* StartScreenViewController.swift */; };
		90880FDB1FB7187F00275D99 /* Main.storyboard in Resources */ = {isa = PBXBuildFile; fileRef = 90880FD91FB7187F00275D99 /* Main.storyboard */; };
		90880FDD1FB7187F00275D99 /* Assets.xcassets in Resources */ = {isa = PBXBuildFile; fileRef = 90880FDC1FB7187F00275D99 /* Assets.xcassets */; };
		90880FE01FB7187F00275D99 /* LaunchScreen.storyboard in Resources */ = {isa = PBXBuildFile; fileRef = 90880FDE1FB7187F00275D99 /* LaunchScreen.storyboard */; };
		90880FE81FB7195500275D99 /* OxfordHappinessTestData.swift in Sources */ = {isa = PBXBuildFile; fileRef = 90880FE71FB7195500275D99 /* OxfordHappinessTestData.swift */; };
		90880FEC1FB722D000275D99 /* TestListViewController.swift in Sources */ = {isa = PBXBuildFile; fileRef = 90880FEB1FB722D000275D99 /* TestListViewController.swift */; };
		90880FEE1FB7236700275D99 /* TestViewController.swift in Sources */ = {isa = PBXBuildFile; fileRef = 90880FED1FB7236700275D99 /* TestViewController.swift */; };
		90880FF01FB723A000275D99 /* ResultsViewController.swift in Sources */ = {isa = PBXBuildFile; fileRef = 90880FEF1FB723A000275D99 /* ResultsViewController.swift */; };
		90880FF31FB726CA00275D99 /* TestListViewCell.swift in Sources */ = {isa = PBXBuildFile; fileRef = 90880FF21FB726CA00275D99 /* TestListViewCell.swift */; };
		90880FF51FB7290B00275D99 /* Results.swift in Sources */ = {isa = PBXBuildFile; fileRef = 90880FF41FB7290B00275D99 /* Results.swift */; };
/* End PBXBuildFile section */

/* Begin PBXFileReference section */
		90880FD21FB7187F00275D99 /* PsychologyTest.app */ = {isa = PBXFileReference; explicitFileType = wrapper.application; includeInIndex = 0; path = PsychologyTest.app; sourceTree = BUILT_PRODUCTS_DIR; };
		90880FD51FB7187F00275D99 /* AppDelegate.swift */ = {isa = PBXFileReference; lastKnownFileType = sourcecode.swift; path = AppDelegate.swift; sourceTree = "<group>"; };
		90880FD71FB7187F00275D99 /* StartScreenViewController.swift */ = {isa = PBXFileReference; lastKnownFileType = sourcecode.swift; path = StartScreenViewController.swift; sourceTree = "<group>"; };
		90880FDA1FB7187F00275D99 /* Base */ = {isa = PBXFileReference; lastKnownFileType = file.storyboard; name = Base; path = Base.lproj/Main.storyboard; sourceTree = "<group>"; };
		90880FDC1FB7187F00275D99 /* Assets.xcassets */ = {isa = PBXFileReference; lastKnownFileType = folder.assetcatalog; path = Assets.xcassets; sourceTree = "<group>"; };
		90880FDF1FB7187F00275D99 /* Base */ = {isa = PBXFileReference; lastKnownFileType = file.storyboard; name = Base; path = Base.lproj/LaunchScreen.storyboard; sourceTree = "<group>"; };
		90880FE11FB7187F00275D99 /* Info.plist */ = {isa = PBXFileReference; lastKnownFileType = text.plist.xml; path = Info.plist; sourceTree = "<group>"; };
		90880FE71FB7195500275D99 /* OxfordHappinessTestData.swift */ = {isa = PBXFileReference; lastKnownFileType = sourcecode.swift; path = OxfordHappinessTestData.swift; sourceTree = "<group>"; };
		90880FEB1FB722D000275D99 /* TestListViewController.swift */ = {isa = PBXFileReference; lastKnownFileType = sourcecode.swift; path = TestListViewController.swift; sourceTree = "<group>"; };
		90880FED1FB7236700275D99 /* TestViewController.swift */ = {isa = PBXFileReference; lastKnownFileType = sourcecode.swift; path = TestViewController.swift; sourceTree = "<group>"; };
		90880FEF1FB723A000275D99 /* ResultsViewController.swift */ = {isa = PBXFileReference; lastKnownFileType = sourcecode.swift; path = ResultsViewController.swift; sourceTree = "<group>"; };
		90880FF21FB726CA00275D99 /* TestListViewCell.swift */ = {isa = PBXFileReference; lastKnownFileType = sourcecode.swift; path = TestListViewCell.swift; sourceTree = "<group>"; };
		90880FF41FB7290B00275D99 /* Results.swift */ = {isa = PBXFileReference; lastKnownFileType = sourcecode.swift; path = Results.swift; sourceTree = "<group>"; };
/* End PBXFileReference section */

/* Begin PBXFrameworksBuildPhase section */
		90880FCF1FB7187F00275D99 /* Frameworks */ = {
			isa = PBXFrameworksBuildPhase;
			buildActionMask = 2147483647;
			files = (
			);
			runOnlyForDeploymentPostprocessing = 0;
		};
/* End PBXFrameworksBuildPhase section */

/* Begin PBXGroup section */
		90880FC91FB7187F00275D99 = {
			isa = PBXGroup;
			children = (
				90880FD41FB7187F00275D99 /* PsychologyTest */,
				90880FD31FB7187F00275D99 /* Products */,
			);
			sourceTree = "<group>";
		};
		90880FD31FB7187F00275D99 /* Products */ = {
			isa = PBXGroup;
			children = (
				90880FD21FB7187F00275D99 /* PsychologyTest.app */,
			);
			name = Products;
			sourceTree = "<group>";
		};
		90880FD41FB7187F00275D99 /* PsychologyTest */ = {
			isa = PBXGroup;
			children = (
				90880FEA1FB7229800275D99 /* View Controllers */,
				90880FF11FB726A300275D99 /* View Cell */,
				90880FE91FB7228A00275D99 /* Data Source */,
				90880FF41FB7290B00275D99 /* Results.swift */,
				90880FD51FB7187F00275D99 /* AppDelegate.swift */,
				90880FD91FB7187F00275D99 /* Main.storyboard */,
				90880FDC1FB7187F00275D99 /* Assets.xcassets */,
				90880FDE1FB7187F00275D99 /* LaunchScreen.storyboard */,
				90880FE11FB7187F00275D99 /* Info.plist */,
			);
			path = PsychologyTest;
			sourceTree = "<group>";
		};
		90880FE91FB7228A00275D99 /* Data Source */ = {
			isa = PBXGroup;
			children = (
				90880FE71FB7195500275D99 /* OxfordHappinessTestData.swift */,
			);
			path = "Data Source";
			sourceTree = "<group>";
		};
		90880FEA1FB7229800275D99 /* View Controllers */ = {
			isa = PBXGroup;
			children = (
				90880FD71FB7187F00275D99 /* StartScreenViewController.swift */,
				90880FEB1FB722D000275D99 /* TestListViewController.swift */,
				90880FED1FB7236700275D99 /* TestViewController.swift */,
				90880FEF1FB723A000275D99 /* ResultsViewController.swift */,
			);
			path = "View Controllers";
			sourceTree = "<group>";
		};
		90880FF11FB726A300275D99 /* View Cell */ = {
			isa = PBXGroup;
			children = (
				90880FF21FB726CA00275D99 /* TestListViewCell.swift */,
			);
			path = "View Cell";
			sourceTree = "<group>";
		};
/* End PBXGroup section */

/* Begin PBXNativeTarget section */
		90880FD11FB7187F00275D99 /* PsychologyTest */ = {
			isa = PBXNativeTarget;
			buildConfigurationList = 90880FE41FB7187F00275D99 /* Build configuration list for PBXNativeTarget "PsychologyTest" */;
			buildPhases = (
				90880FCE1FB7187F00275D99 /* Sources */,
				90880FCF1FB7187F00275D99 /* Frameworks */,
				90880FD01FB7187F00275D99 /* Resources */,
			);
			buildRules = (
			);
			dependencies = (
			);
			name = PsychologyTest;
			productName = PsychologyTest;
			productReference = 90880FD21FB7187F00275D99 /* PsychologyTest.app */;
			productType = "com.apple.product-type.application";
		};
/* End PBXNativeTarget section */

/* Begin PBXProject section */
		90880FCA1FB7187F00275D99 /* Project object */ = {
			isa = PBXProject;
			attributes = {
				LastSwiftUpdateCheck = 0910;
				LastUpgradeCheck = 0910;
				ORGANIZATIONNAME = BlackWoodTraders;
				TargetAttributes = {
					90880FD11FB7187F00275D99 = {
						CreatedOnToolsVersion = 9.1;
						ProvisioningStyle = Automatic;
					};
				};
			};
			buildConfigurationList = 90880FCD1FB7187F00275D99 /* Build configuration list for PBXProject "PsychologyTest" */;
			compatibilityVersion = "Xcode 8.0";
			developmentRegion = en;
			hasScannedForEncodings = 0;
			knownRegions = (
				en,
				Base,
			);
			mainGroup = 90880FC91FB7187F00275D99;
			productRefGroup = 90880FD31FB7187F00275D99 /* Products */;
			projectDirPath = "";
			projectRoot = "";
			targets = (
				90880FD11FB7187F00275D99 /* PsychologyTest */,
			);
		};
/* End PBXProject section */

/* Begin PBXResourcesBuildPhase section */
		90880FD01FB7187F00275D99 /* Resources */ = {
			isa = PBXResourcesBuildPhase;
			buildActionMask = 2147483647;
			files = (
				90880FE01FB7187F00275D99 /* LaunchScreen.storyboard in Resources */,
				90880FDD1FB7187F00275D99 /* Assets.xcassets in Resources */,
				90880FDB1FB7187F00275D99 /* Main.storyboard in Resources */,
			);
			runOnlyForDeploymentPostprocessing = 0;
		};
/* End PBXResourcesBuildPhase section */

/* Begin PBXSourcesBuildPhase section */
		90880FCE1FB7187F00275D99 /* Sources */ = {
			isa = PBXSourcesBuildPhase;
			buildActionMask = 2147483647;
			files = (
				90880FEE1FB7236700275D99 /* TestViewController.swift in Sources */,
				90880FD81FB7187F00275D99 /* StartScreenViewController.swift in Sources */,
				90880FF51FB7290B00275D99 /* Results.swift in Sources */,
				90880FF31FB726CA00275D99 /* TestListViewCell.swift in Sources */,
				90880FD61FB7187F00275D99 /* AppDelegate.swift in Sources */,
				90880FEC1FB722D000275D99 /* TestListViewController.swift in Sources */,
				90880FE81FB7195500275D99 /* OxfordHappinessTestData.swift in Sources */,
				90880FF01FB723A000275D99 /* ResultsViewController.swift in Sources */,
			);
			runOnlyForDeploymentPostprocessing = 0;
		};
/* End PBXSourcesBuildPhase section */

/* Begin PBXVariantGroup section */
		90880FD91FB7187F00275D99 /* Main.storyboard */ = {
			isa = PBXVariantGroup;
			children = (
				90880FDA1FB7187F00275D99 /* Base */,
			);
			name = Main.storyboard;
			sourceTree = "<group>";
		};
		90880FDE1FB7187F00275D99 /* LaunchScreen.storyboard */ = {
			isa = PBXVariantGroup;
			children = (
				90880FDF1FB7187F00275D99 /* Base */,
			);
			name = LaunchScreen.storyboard;
			sourceTree = "<group>";
		};
/* End PBXVariantGroup section */

/* Begin XCBuildConfiguration section */
		90880FE21FB7187F00275D99 /* Debug */ = {
			isa = XCBuildConfiguration;
			buildSettings = {
				ALWAYS_SEARCH_USER_PATHS = NO;
				CLANG_ANALYZER_NONNULL = YES;
				CLANG_ANALYZER_NUMBER_OBJECT_CONVERSION = YES_AGGRESSIVE;
				CLANG_CXX_LANGUAGE_STANDARD = "gnu++14";
				CLANG_CXX_LIBRARY = "libc++";
				CLANG_ENABLE_MODULES = YES;
				CLANG_ENABLE_OBJC_ARC = YES;
				CLANG_WARN_BLOCK_CAPTURE_AUTORELEASING = YES;
				CLANG_WARN_BOOL_CONVERSION = YES;
				CLANG_WARN_COMMA = YES;
				CLANG_WARN_CONSTANT_CONVERSION = YES;
				CLANG_WARN_DIRECT_OBJC_ISA_USAGE = YES_ERROR;
				CLANG_WARN_DOCUMENTATION_COMMENTS = YES;
				CLANG_WARN_EMPTY_BODY = YES;
				CLANG_WARN_ENUM_CONVERSION = YES;
				CLANG_WARN_INFINITE_RECURSION = YES;
				CLANG_WARN_INT_CONVERSION = YES;
				CLANG_WARN_NON_LITERAL_NULL_CONVERSION = YES;
				CLANG_WARN_OBJC_LITERAL_CONVERSION = YES;
				CLANG_WARN_OBJC_ROOT_CLASS = YES_ERROR;
				CLANG_WARN_RANGE_LOOP_ANALYSIS = YES;
				CLANG_WARN_STRICT_PROTOTYPES = YES;
				CLANG_WARN_SUSPICIOUS_MOVE = YES;
				CLANG_WARN_UNGUARDED_AVAILABILITY = YES_AGGRESSIVE;
				CLANG_WARN_UNREACHABLE_CODE = YES;
				CLANG_WARN__DUPLICATE_METHOD_MATCH = YES;
				CODE_SIGN_IDENTITY = "iPhone Developer";
				COPY_PHASE_STRIP = NO;
				DEBUG_INFORMATION_FORMAT = dwarf;
				ENABLE_STRICT_OBJC_MSGSEND = YES;
				ENABLE_TESTABILITY = YES;
				GCC_C_LANGUAGE_STANDARD = gnu11;
				GCC_DYNAMIC_NO_PIC = NO;
				GCC_NO_COMMON_BLOCKS = YES;
				GCC_OPTIMIZATION_LEVEL = 0;
				GCC_PREPROCESSOR_DEFINITIONS = (
					"DEBUG=1",
					"$(inherited)",
				);
				GCC_WARN_64_TO_32_BIT_CONVERSION = YES;
				GCC_WARN_ABOUT_RETURN_TYPE = YES_ERROR;
				GCC_WARN_UNDECLARED_SELECTOR = YES;
				GCC_WARN_UNINITIALIZED_AUTOS = YES_AGGRESSIVE;
				GCC_WARN_UNUSED_FUNCTION = YES;
				GCC_WARN_UNUSED_VARIABLE = YES;
				IPHONEOS_DEPLOYMENT_TARGET = 11.1;
				MTL_ENABLE_DEBUG_INFO = YES;
				ONLY_ACTIVE_ARCH = YES;
				SDKROOT = iphoneos;
				SWIFT_ACTIVE_COMPILATION_CONDITIONS = DEBUG;
				SWIFT_OPTIMIZATION_LEVEL = "-Onone";
			};
			name = Debug;
		};
		90880FE31FB7187F00275D99 /* Release */ = {
			isa = XCBuildConfiguration;
			buildSettings = {
				ALWAYS_SEARCH_USER_PATHS = NO;
				CLANG_ANALYZER_NONNULL = YES;
				CLANG_ANALYZER_NUMBER_OBJECT_CONVERSION = YES_AGGRESSIVE;
				CLANG_CXX_LANGUAGE_STANDARD = "gnu++14";
				CLANG_CXX_LIBRARY = "libc++";
				CLANG_ENABLE_MODULES = YES;
				CLANG_ENABLE_OBJC_ARC = YES;
				CLANG_WARN_BLOCK_CAPTURE_AUTORELEASING = YES;
				CLANG_WARN_BOOL_CONVERSION = YES;
				CLANG_WARN_COMMA = YES;
				CLANG_WARN_CONSTANT_CONVERSION = YES;
				CLANG_WARN_DIRECT_OBJC_ISA_USAGE = YES_ERROR;
				CLANG_WARN_DOCUMENTATION_COMMENTS = YES;
				CLANG_WARN_EMPTY_BODY = YES;
				CLANG_WARN_ENUM_CONVERSION = YES;
				CLANG_WARN_INFINITE_RECURSION = YES;
				CLANG_WARN_INT_CONVERSION = YES;
				CLANG_WARN_NON_LITERAL_NULL_CONVERSION = YES;
				CLANG_WARN_OBJC_LITERAL_CONVERSION = YES;
				CLANG_WARN_OBJC_ROOT_CLASS = YES_ERROR;
				CLANG_WARN_RANGE_LOOP_ANALYSIS = YES;
				CLANG_WARN_STRICT_PROTOTYPES = YES;
				CLANG_WARN_SUSPICIOUS_MOVE = YES;
				CLANG_WARN_UNGUARDED_AVAILABILITY = YES_AGGRESSIVE;
				CLANG_WARN_UNREACHABLE_CODE = YES;
				CLANG_WARN__DUPLICATE_METHOD_MATCH = YES;
				CODE_SIGN_IDENTITY = "iPhone Developer";
				COPY_PHASE_STRIP = NO;
				DEBUG_INFORMATION_FORMAT = "dwarf-with-dsym";
				ENABLE_NS_ASSERTIONS = NO;
				ENABLE_STRICT_OBJC_MSGSEND = YES;
				GCC_C_LANGUAGE_STANDARD = gnu11;
				GCC_NO_COMMON_BLOCKS = YES;
				GCC_WARN_64_TO_32_BIT_CONVERSION = YES;
				GCC_WARN_ABOUT_RETURN_TYPE = YES_ERROR;
				GCC_WARN_UNDECLARED_SELECTOR = YES;
				GCC_WARN_UNINITIALIZED_AUTOS = YES_AGGRESSIVE;
				GCC_WARN_UNUSED_FUNCTION = YES;
				GCC_WARN_UNUSED_VARIABLE = YES;
				IPHONEOS_DEPLOYMENT_TARGET = 11.1;
				MTL_ENABLE_DEBUG_INFO = NO;
				SDKROOT = iphoneos;
				SWIFT_OPTIMIZATION_LEVEL = "-Owholemodule";
				VALIDATE_PRODUCT = YES;
			};
			name = Release;
		};
		90880FE51FB7187F00275D99 /* Debug */ = {
			isa = XCBuildConfiguration;
			buildSettings = {
				ASSETCATALOG_COMPILER_APPICON_NAME = AppIcon;
				CODE_SIGN_STYLE = Automatic;
				DEVELOPMENT_TEAM = HEF9E2MMFK;
				INFOPLIST_FILE = PsychologyTest/Info.plist;
				IPHONEOS_DEPLOYMENT_TARGET = 10.0;
				LD_RUNPATH_SEARCH_PATHS = "$(inherited) @executable_path/Frameworks";
				PRODUCT_BUNDLE_IDENTIFIER = com.bwt.PsychologyTest;
				PRODUCT_NAME = "$(TARGET_NAME)";
				SWIFT_VERSION = 4.0;
				TARGETED_DEVICE_FAMILY = "1,2";
			};
			name = Debug;
		};
		90880FE61FB7187F00275D99 /* Release */ = {
			isa = XCBuildConfiguration;
			buildSettings = {
				ASSETCATALOG_COMPILER_APPICON_NAME = AppIcon;
				CODE_SIGN_STYLE = Automatic;
				DEVELOPMENT_TEAM = HEF9E2MMFK;
				INFOPLIST_FILE = PsychologyTest/Info.plist;
				IPHONEOS_DEPLOYMENT_TARGET = 10.0;
				LD_RUNPATH_SEARCH_PATHS = "$(inherited) @executable_path/Frameworks";
				PRODUCT_BUNDLE_IDENTIFIER = com.bwt.PsychologyTest;
				PRODUCT_NAME = "$(TARGET_NAME)";
				SWIFT_VERSION = 4.0;
				TARGETED_DEVICE_FAMILY = "1,2";
			};
			name = Release;
		};
/* End XCBuildConfiguration section */

/* Begin XCConfigurationList section */
		90880FCD1FB7187F00275D99 /* Build configuration list for PBXProject "PsychologyTest" */ = {
			isa = XCConfigurationList;
			buildConfigurations = (
				90880FE21FB7187F00275D99 /* Debug */,
				90880FE31FB7187F00275D99 /* Release */,
			);
			defaultConfigurationIsVisible = 0;
			defaultConfigurationName = Release;
		};
		90880FE41FB7187F00275D99 /* Build configuration list for PBXNativeTarget "PsychologyTest" */ = {
			isa = XCConfigurationList;
			buildConfigurations = (
				90880FE51FB7187F00275D99 /* Debug */,
				90880FE61FB7187F00275D99 /* Release */,
			);
			defaultConfigurationIsVisible = 0;
			defaultConfigurationName = Release;
		};
/* End XCConfigurationList section */
	};
	rootObject = 90880FCA1FB7187F00275D99 /* Project object */;
}
